<Solution>
  <Project Path="Assembly-CSharp-Editor.csproj" />
  <Project Path="AgenticRacing.Track.csproj" />
  <Project Path="AgenticRacing.Agents.csproj" />
  <Project Path="AgenticRacing.Demo.csproj" />
  <Project Path="Assembly-CSharp.csproj" />
  <Project Path="AgenticRacing.Tests.EditMode.csproj" />
  <Project Path="AgenticRacing.Vehicle.csproj" />
</Solution>
